
Microsoft Visual Studio Solution File, Format Version 12.00
# Visual Studio Version 17
VisualStudioVersion = 17.3.32804.467
MinimumVisualStudioVersion = 10.0.40219.1
Project("{9A19103F-16F7-4668-BE54-9A1E7A4F7556}") = "GoogleDriveCli", "GoogleDriveCli\GoogleDriveCli.csproj", "{BEBC0B1C-ED19-4C6F-B079-32057F51ABA7}"
EndProject
Project("{9A19103F-16F7-4668-BE54-9A1E7A4F7556}") = "GoogleDriveCliLibrary", "GoogleDriveCliLibrary\GoogleDriveCliLibrary.csproj", "{D9FA06CE-839E-412F-BFBD-C13A9F999B0E}"
EndProject
Project("{9A19103F-16F7-4668-BE54-9A1E7A4F7556}") = "GoogleApiAuthorizer", "..\..\GoogleApiAuthorizer\GoogleApiAuthorizationNet\SourceCode\GoogleApiAuthorizer\GoogleApiAuthorizer.csproj", "{A1C76FB0-4487-4B56-A84A-71A07F96C2C0}"
EndProject
Global
	GlobalSection(SolutionConfigurationPlatforms) = preSolution
		Debug|Any CPU = Debug|Any CPU
		Release|Any CPU = Release|Any CPU
	EndGlobalSection
	GlobalSection(ProjectConfigurationPlatforms) = postSolution
		{BEBC0B1C-ED19-4C6F-B079-32057F51ABA7}.Debug|Any CPU.ActiveCfg = Debug|Any CPU
		{BEBC0B1C-ED19-4C6F-B079-32057F51ABA7}.Debug|Any CPU.Build.0 = Debug|Any CPU
		{BEBC0B1C-ED19-4C6F-B079-32057F51ABA7}.Release|Any CPU.ActiveCfg = Release|Any CPU
		{BEBC0B1C-ED19-4C6F-B079-32057F51ABA7}.Release|Any CPU.Build.0 = Release|Any CPU
		{D9FA06CE-839E-412F-BFBD-C13A9F999B0E}.Debug|Any CPU.ActiveCfg = Debug|Any CPU
		{D9FA06CE-839E-412F-BFBD-C13A9F999B0E}.Debug|Any CPU.Build.0 = Debug|Any CPU
		{D9FA06CE-839E-412F-BFBD-C13A9F999B0E}.Release|Any CPU.ActiveCfg = Release|Any CPU
		{D9FA06CE-839E-412F-BFBD-C13A9F999B0E}.Release|Any CPU.Build.0 = Release|Any CPU
		{A1C76FB0-4487-4B56-A84A-71A07F96C2C0}.Debug|Any CPU.ActiveCfg = Debug|Any CPU
		{A1C76FB0-4487-4B56-A84A-71A07F96C2C0}.Debug|Any CPU.Build.0 = Debug|Any CPU
		{A1C76FB0-4487-4B56-A84A-71A07F96C2C0}.Release|Any CPU.ActiveCfg = Release|Any CPU
		{A1C76FB0-4487-4B56-A84A-71A07F96C2C0}.Release|Any CPU.Build.0 = Release|Any CPU
	EndGlobalSection
	GlobalSection(SolutionProperties) = preSolution
		HideSolutionNode = FALSE
	EndGlobalSection
	GlobalSection(ExtensibilityGlobals) = postSolution
		SolutionGuid = {C814E97B-3EA8-43DB-9983-9EA449893CC5}
	EndGlobalSection
EndGlobal
